// !$*UTF8*$!
{
	archiveVersion = 1;
	classes = {
	};
	objectVersion = 77;
	objects = {

/* Begin PBXContainerItemProxy section */
		5AE7C75F2D550DFC00B206BF /* PBXContainerItemProxy */ = {
			isa = PBXContainerItemProxy;
			containerPortal = 5AE7C7462D550DFA00B206BF /* Project object */;
			proxyType = 1;
			remoteGlobalIDString = 5AE7C74D2D550DFA00B206BF;
			remoteInfo = RollX;
		};
		5AE7C7692D550DFC00B206BF /* PBXContainerItemProxy */ = {
			isa = PBXContainerItemProxy;
			containerPortal = 5AE7C7462D550DFA00B206BF /* Project object */;
			proxyType = 1;
			remoteGlobalIDString = 5AE7C74D2D550DFA00B206BF;
			remoteInfo = RollX;
		};
/* End PBXContainerItemProxy section */

/* Begin PBXFileReference section */
		5AE7C74E2D550DFA00B206BF /* RollX.app */ = {isa = PBXFileReference; explicitFileType = wrapper.application; includeInIndex = 0; path = RollX.app; sourceTree = BUILT_PRODUCTS_DIR; };
		5AE7C75E2D550DFC00B206BF /* RollXTests.xctest */ = {isa = PBXFileReference; explicitFileType = wrapper.cfbundle; includeInIndex = 0; path = RollXTests.xctest; sourceTree = BUILT_PRODUCTS_DIR; };
		5AE7C7682D550DFC00B206BF /* RollXUITests.xctest */ = {isa = PBXFileReference; explicitFileType = wrapper.cfbundle; includeInIndex = 0; path = RollXUITests.xctest; sourceTree = BUILT_PRODUCTS_DIR; };
/* End PBXFileReference section */

/* Begin PBXFileSystemSynchronizedRootGroup section */
		5AE7C7502D550DFA00B206BF /* RollX */ = {
			isa = PBXFileSystemSynchronizedRootGroup;
			path = RollX;
			sourceTree = "<group>";
		};
		5AE7C7612D550DFC00B206BF /* RollXTests */ = {
			isa = PBXFileSystemSynchronizedRootGroup;
			path = RollXTests;
			sourceTree = "<group>";
		};
		5AE7C76B2D550DFC00B206BF /* RollXUITests */ = {
			isa = PBXFileSystemSynchronizedRootGroup;
			path = RollXUITests;
			sourceTree = "<group>";
		};
/* End PBXFileSystemSynchronizedRootGroup section */

/* Begin PBXFrameworksBuildPhase section */
		5AE7C74B2D550DFA00B206BF /* Frameworks */ = {
			isa = PBXFrameworksBuildPhase;
			buildActionMask = 2147483647;
			files = (
			);
			runOnlyForDeploymentPostprocessing = 0;
		};
		5AE7C75B2D550DFC00B206BF /* Frameworks */ = {
			isa = PBXFrameworksBuildPhase;
			buildActionMask = 2147483647;
			files = (
			);
			runOnlyForDeploymentPostprocessing = 0;
		};
		5AE7C7652D550DFC00B206BF /* Frameworks */ = {
			isa = PBXFrameworksBuildPhase;
			buildActionMask = 2147483647;
			files = (
			);
			runOnlyForDeploymentPostprocessing = 0;
		};
/* End PBXFrameworksBuildPhase section */

/* Begin PBXGroup section */
		5AE7C7452D550DFA00B206BF = {
			isa = PBXGroup;
			children = (
				5AE7C7502D550DFA00B206BF /* RollX */,
				5AE7C7612D550DFC00B206BF /* RollXTests */,
				5AE7C76B2D550DFC00B206BF /* RollXUITests */,
				5AE7C74F2D550DFA00B206BF /* Products */,
			);
			sourceTree = "<group>";
		};
		5AE7C74F2D550DFA00B206BF /* Products */ = {
			isa = PBXGroup;
			children = (
				5AE7C74E2D550DFA00B206BF /* RollX.app */,
				5AE7C75E2D550DFC00B206BF /* RollXTests.xctest */,
				5AE7C7682D550DFC00B206BF /* RollXUITests.xctest */,
			);
			name = Products;
			sourceTree = "<group>";
		};
/* End PBXGroup section */

/* Begin PBXNativeTarget section */
		5AE7C74D2D550DFA00B206BF /* RollX */ = {
			isa = PBXNativeTarget;
			buildConfigurationList = 5AE7C7722D550DFC00B206BF /* Build configuration list for PBXNativeTarget "RollX" */;
			buildPhases = (
				5AE7C74A2D550DFA00B206BF /* Sources */,
				5AE7C74B2D550DFA00B206BF /* Frameworks */,
				5AE7C74C2D550DFA00B206BF /* Resources */,
			);
			buildRules = (
			);
			dependencies = (
			);
			fileSystemSynchronizedGroups = (
				5AE7C7502D550DFA00B206BF /* RollX */,
			);
			name = RollX;
			packageProductDependencies = (
			);
			productName = RollX;
			productReference = 5AE7C74E2D550DFA00B206BF /* RollX.app */;
			productType = "com.apple.product-type.application";
		};
		5AE7C75D2D550DFC00B206BF /* RollXTests */ = {
			isa = PBXNativeTarget;
			buildConfigurationList = 5AE7C7752D550DFC00B206BF /* Build configuration list for PBXNativeTarget "RollXTests" */;
			buildPhases = (
				5AE7C75A2D550DFC00B206BF /* Sources */,
				5AE7C75B2D550DFC00B206BF /* Frameworks */,
				5AE7C75C2D550DFC00B206BF /* Resources */,
			);
			buildRules = (
			);
			dependencies = (
				5AE7C7602D550DFC00B206BF /* PBXTargetDependency */,
			);
			fileSystemSynchronizedGroups = (
				5AE7C7612D550DFC00B206BF /* RollXTests */,
			);
			name = RollXTests;
			packageProductDependencies = (
			);
			productName = RollXTests;
			productReference = 5AE7C75E2D550DFC00B206BF /* RollXTests.xctest */;
			productType = "com.apple.product-type.bundle.unit-test";
		};
		5AE7C7672D550DFC00B206BF /* RollXUITests */ = {
			isa = PBXNativeTarget;
			buildConfigurationList = 5AE7C7782D550DFC00B206BF /* Build configuration list for PBXNativeTarget "RollXUITests" */;
			buildPhases = (
				5AE7C7642D550DFC00B206BF /* Sources */,
				5AE7C7652D550DFC00B206BF /* Frameworks */,
				5AE7C7662D550DFC00B206BF /* Resources */,
			);
			buildRules = (
			);
			dependencies = (
				5AE7C76A2D550DFC00B206BF /* PBXTargetDependency */,
			);
			fileSystemSynchronizedGroups = (
				5AE7C76B2D550DFC00B206BF /* RollXUITests */,
			);
			name = RollXUITests;
			packageProductDependencies = (
			);
			productName = RollXUITests;
			productReference = 5AE7C7682D550DFC00B206BF /* RollXUITests.xctest */;
			productType = "com.apple.product-type.bundle.ui-testing";
		};
/* End PBXNativeTarget section */

/* Begin PBXProject section */
		5AE7C7462D550DFA00B206BF /* Project object */ = {
			isa = PBXProject;
			attributes = {
				BuildIndependentTargetsInParallel = 1;
				LastSwiftUpdateCheck = 1620;
				LastUpgradeCheck = 1620;
				TargetAttributes = {
					5AE7C74D2D550DFA00B206BF = {
						CreatedOnToolsVersion = 16.2;
					};
					5AE7C75D2D550DFC00B206BF = {
						CreatedOnToolsVersion = 16.2;
						TestTargetID = 5AE7C74D2D550DFA00B206BF;
					};
					5AE7C7672D550DFC00B206BF = {
						CreatedOnToolsVersion = 16.2;
						TestTargetID = 5AE7C74D2D550DFA00B206BF;
					};
				};
			};
			buildConfigurationList = 5AE7C7492D550DFA00B206BF /* Build configuration list for PBXProject "RollX" */;
			developmentRegion = en;
			hasScannedForEncodings = 0;
			knownRegions = (
				en,
				Base,
			);
			mainGroup = 5AE7C7452D550DFA00B206BF;
			minimizedProjectReferenceProxies = 1;
			preferredProjectObjectVersion = 77;
			productRefGroup = 5AE7C74F2D550DFA00B206BF /* Products */;
			projectDirPath = "";
			projectRoot = "";
			targets = (
				5AE7C74D2D550DFA00B206BF /* RollX */,
				5AE7C75D2D550DFC00B206BF /* RollXTests */,
				5AE7C7672D550DFC00B206BF /* RollXUITests */,
			);
		};
/* End PBXProject section */

/* Begin PBXResourcesBuildPhase section */
		5AE7C74C2D550DFA00B206BF /* Resources */ = {
			isa = PBXResourcesBuildPhase;
			buildActionMask = 2147483647;
			files = (
			);
			runOnlyForDeploymentPostprocessing = 0;
		};
		5AE7C75C2D550DFC00B206BF /* Resources */ = {
			isa = PBXResourcesBuildPhase;
			buildActionMask = 2147483647;
			files = (
			);
			runOnlyForDeploymentPostprocessing = 0;
		};
		5AE7C7662D550DFC00B206BF /* Resources */ = {
			isa = PBXResourcesBuildPhase;
			buildActionMask = 2147483647;
			files = (
			);
			runOnlyForDeploymentPostprocessing = 0;
		};
/* End PBXResourcesBuildPhase section */

/* Begin PBXSourcesBuildPhase section */
		5AE7C74A2D550DFA00B206BF /* Sources */ = {
			isa = PBXSourcesBuildPhase;
			buildActionMask = 2147483647;
			files = (
			);
			runOnlyForDeploymentPostprocessing = 0;
		};
		5AE7C75A2D550DFC00B206BF /* Sources */ = {
			isa = PBXSourcesBuildPhase;
			buildActionMask = 2147483647;
			files = (
			);
			runOnlyForDeploymentPostprocessing = 0;
		};
		5AE7C7642D550DFC00B206BF /* Sources */ = {
			isa = PBXSourcesBuildPhase;
			buildActionMask = 2147483647;
			files = (
			);
			runOnlyForDeploymentPostprocessing = 0;
		};
/* End PBXSourcesBuildPhase section */

/* Begin PBXTargetDependency section */
		5AE7C7602D550DFC00B206BF /* PBXTargetDependency */ = {
			isa = PBXTargetDependency;
			target = 5AE7C74D2D550DFA00B206BF /* RollX */;
			targetProxy = 5AE7C75F2D550DFC00B206BF /* PBXContainerItemProxy */;
		};
		5AE7C76A2D550DFC00B206BF /* PBXTargetDependency */ = {
			isa = PBXTargetDependency;
			target = 5AE7C74D2D550DFA00B206BF /* RollX */;
			targetProxy = 5AE7C7692D550DFC00B206BF /* PBXContainerItemProxy */;
		};
/* End PBXTargetDependency section */

/* Begin XCBuildConfiguration section */
		5AE7C7702D550DFC00B206BF /* Debug */ = {
			isa = XCBuildConfiguration;
			buildSettings = {
				ALWAYS_SEARCH_USER_PATHS = NO;
				ASSETCATALOG_COMPILER_GENERATE_SWIFT_ASSET_SYMBOL_EXTENSIONS = YES;
				CLANG_ANALYZER_NONNULL = YES;
				CLANG_ANALYZER_NUMBER_OBJECT_CONVERSION = YES_AGGRESSIVE;
				CLANG_CXX_LANGUAGE_STANDARD = "gnu++20";
				CLANG_ENABLE_MODULES = YES;
				CLANG_ENABLE_OBJC_ARC = YES;
				CLANG_ENABLE_OBJC_WEAK = YES;
				CLANG_WARN_BLOCK_CAPTURE_AUTORELEASING = YES;
				CLANG_WARN_BOOL_CONVERSION = YES;
				CLANG_WARN_COMMA = YES;
				CLANG_WARN_CONSTANT_CONVERSION = YES;
				CLANG_WARN_DEPRECATED_OBJC_IMPLEMENTATIONS = YES;
				CLANG_WARN_DIRECT_OBJC_ISA_USAGE = YES_ERROR;
				CLANG_WARN_DOCUMENTATION_COMMENTS = YES;
				CLANG_WARN_EMPTY_BODY = YES;
				CLANG_WARN_ENUM_CONVERSION = YES;
				CLANG_WARN_INFINITE_RECURSION = YES;
				CLANG_WARN_INT_CONVERSION = YES;
				CLANG_WARN_NON_LITERAL_NULL_CONVERSION = YES;
				CLANG_WARN_OBJC_IMPLICIT_RETAIN_SELF = YES;
				CLANG_WARN_OBJC_LITERAL_CONVERSION = YES;
				CLANG_WARN_OBJC_ROOT_CLASS = YES_ERROR;
				CLANG_WARN_QUOTED_INCLUDE_IN_FRAMEWORK_HEADER = YES;
				CLANG_WARN_RANGE_LOOP_ANALYSIS = YES;
				CLANG_WARN_STRICT_PROTOTYPES = YES;
				CLANG_WARN_SUSPICIOUS_MOVE = YES;
				CLANG_WARN_UNGUARDED_AVAILABILITY = YES_AGGRESSIVE;
				CLANG_WARN_UNREACHABLE_CODE = YES;
				CLANG_WARN__DUPLICATE_METHOD_MATCH = YES;
				COPY_PHASE_STRIP = NO;
				DEBUG_INFORMATION_FORMAT = dwarf;
				ENABLE_STRICT_OBJC_MSGSEND = YES;
				ENABLE_TESTABILITY = YES;
				ENABLE_USER_SCRIPT_SANDBOXING = YES;
				GCC_C_LANGUAGE_STANDARD = gnu17;
				GCC_DYNAMIC_NO_PIC = NO;
				GCC_NO_COMMON_BLOCKS = YES;
				GCC_OPTIMIZATION_LEVEL = 0;
				GCC_PREPROCESSOR_DEFINITIONS = (
					"DEBUG=1",
					"$(inherited)",
				);
				GCC_WARN_64_TO_32_BIT_CONVERSION = YES;
				GCC_WARN_ABOUT_RETURN_TYPE = YES_ERROR;
				GCC_WARN_UNDECLARED_SELECTOR = YES;
				GCC_WARN_UNINITIALIZED_AUTOS = YES_AGGRESSIVE;
				GCC_WARN_UNUSED_FUNCTION = YES;
				GCC_WARN_UNUSED_VARIABLE = YES;
				IPHONEOS_DEPLOYMENT_TARGET = 18.2;
				LOCALIZATION_PREFERS_STRING_CATALOGS = YES;
				MTL_ENABLE_DEBUG_INFO = INCLUDE_SOURCE;
				MTL_FAST_MATH = YES;
				ONLY_ACTIVE_ARCH = YES;
				SDKROOT = iphoneos;
				SWIFT_ACTIVE_COMPILATION_CONDITIONS = "DEBUG $(inherited)";
				SWIFT_OPTIMIZATION_LEVEL = "-Onone";
			};
			name = Debug;
		};
		5AE7C7712D550DFC00B206BF /* Release */ = {
			isa = XCBuildConfiguration;
			buildSettings = {
				ALWAYS_SEARCH_USER_PATHS = NO;
				ASSETCATALOG_COMPILER_GENERATE_SWIFT_ASSET_SYMBOL_EXTENSIONS = YES;
				CLANG_ANALYZER_NONNULL = YES;
				CLANG_ANALYZER_NUMBER_OBJECT_CONVERSION = YES_AGGRESSIVE;
				CLANG_CXX_LANGUAGE_STANDARD = "gnu++20";
				CLANG_ENABLE_MODULES = YES;
				CLANG_ENABLE_OBJC_ARC = YES;
				CLANG_ENABLE_OBJC_WEAK = YES;
				CLANG_WARN_BLOCK_CAPTURE_AUTORELEASING = YES;
				CLANG_WARN_BOOL_CONVERSION = YES;
				CLANG_WARN_COMMA = YES;
				CLANG_WARN_CONSTANT_CONVERSION = YES;
				CLANG_WARN_DEPRECATED_OBJC_IMPLEMENTATIONS = YES;
				CLANG_WARN_DIRECT_OBJC_ISA_USAGE = YES_ERROR;
				CLANG_WARN_DOCUMENTATION_COMMENTS = YES;
				CLANG_WARN_EMPTY_BODY = YES;
				CLANG_WARN_ENUM_CONVERSION = YES;
				CLANG_WARN_INFINITE_RECURSION = YES;
				CLANG_WARN_INT_CONVERSION = YES;
				CLANG_WARN_NON_LITERAL_NULL_CONVERSION = YES;
				CLANG_WARN_OBJC_IMPLICIT_RETAIN_SELF = YES;
				CLANG_WARN_OBJC_LITERAL_CONVERSION = YES;
				CLANG_WARN_OBJC_ROOT_CLASS = YES_ERROR;
				CLANG_WARN_QUOTED_INCLUDE_IN_FRAMEWORK_HEADER = YES;
				CLANG_WARN_RANGE_LOOP_ANALYSIS = YES;
				CLANG_WARN_STRICT_PROTOTYPES = YES;
				CLANG_WARN_SUSPICIOUS_MOVE = YES;
				CLANG_WARN_UNGUARDED_AVAILABILITY = YES_AGGRESSIVE;
				CLANG_WARN_UNREACHABLE_CODE = YES;
				CLANG_WARN__DUPLICATE_METHOD_MATCH = YES;
				COPY_PHASE_STRIP = NO;
				DEBUG_INFORMATION_FORMAT = "dwarf-with-dsym";
				ENABLE_NS_ASSERTIONS = NO;
				ENABLE_STRICT_OBJC_MSGSEND = YES;
				ENABLE_USER_SCRIPT_SANDBOXING = YES;
				GCC_C_LANGUAGE_STANDARD = gnu17;
				GCC_NO_COMMON_BLOCKS = YES;
				GCC_WARN_64_TO_32_BIT_CONVERSION = YES;
				GCC_WARN_ABOUT_RETURN_TYPE = YES_ERROR;
				GCC_WARN_UNDECLARED_SELECTOR = YES;
				GCC_WARN_UNINITIALIZED_AUTOS = YES_AGGRESSIVE;
				GCC_WARN_UNUSED_FUNCTION = YES;
				GCC_WARN_UNUSED_VARIABLE = YES;
				IPHONEOS_DEPLOYMENT_TARGET = 18.2;
				LOCALIZATION_PREFERS_STRING_CATALOGS = YES;
				MTL_ENABLE_DEBUG_INFO = NO;
				MTL_FAST_MATH = YES;
				SDKROOT = iphoneos;
				SWIFT_COMPILATION_MODE = wholemodule;
				VALIDATE_PRODUCT = YES;
			};
			name = Release;
		};
		5AE7C7732D550DFC00B206BF /* Debug */ = {
			isa = XCBuildConfiguration;
			buildSettings = {
				ASSETCATALOG_COMPILER_APPICON_NAME = AppIcon;
				ASSETCATALOG_COMPILER_GLOBAL_ACCENT_COLOR_NAME = AccentColor;
				CODE_SIGN_STYLE = Automatic;
				CURRENT_PROJECT_VERSION = 1;
				DEVELOPMENT_ASSET_PATHS = "\"RollX/Preview Content\"";
				DEVELOPMENT_TEAM = Z4MD4VKX9C;
				ENABLE_PREVIEWS = YES;
				GENERATE_INFOPLIST_FILE = YES;
				INFOPLIST_KEY_UIApplicationSceneManifest_Generation = YES;
				INFOPLIST_KEY_UIApplicationSupportsIndirectInputEvents = YES;
				INFOPLIST_KEY_UILaunchScreen_Generation = YES;
				INFOPLIST_KEY_UISupportedInterfaceOrientations_iPad = "UIInterfaceOrientationPortrait UIInterfaceOrientationPortraitUpsideDown UIInterfaceOrientationLandscapeLeft UIInterfaceOrientationLandscapeRight";
				INFOPLIST_KEY_UISupportedInterfaceOrientations_iPhone = "UIInterfaceOrientationPortrait UIInterfaceOrientationLandscapeLeft UIInterfaceOrientationLandscapeRight";
				LD_RUNPATH_SEARCH_PATHS = (
					"$(inherited)",
					"@executable_path/Frameworks",
				);
				MARKETING_VERSION = 1.0;
				PRODUCT_BUNDLE_IDENTIFIER = com.gangulwar.RollX;
				PRODUCT_NAME = "$(TARGET_NAME)";
				SWIFT_EMIT_LOC_STRINGS = YES;
				SWIFT_VERSION = 5.0;
				TARGETED_DEVICE_FAMILY = "1,2";
			};
			name = Debug;
		};
		5AE7C7742D550DFC00B206BF /* Release */ = {
			isa = XCBuildConfiguration;
			buildSettings = {
				ASSETCATALOG_COMPILER_APPICON_NAME = AppIcon;
				ASSETCATALOG_COMPILER_GLOBAL_ACCENT_COLOR_NAME = AccentColor;
				CODE_SIGN_STYLE = Automatic;
				CURRENT_PROJECT_VERSION = 1;
				DEVELOPMENT_ASSET_PATHS = "\"RollX/Preview Content\"";
				DEVELOPMENT_TEAM = Z4MD4VKX9C;
				ENABLE_PREVIEWS = YES;
				GENERATE_INFOPLIST_FILE = YES;
				INFOPLIST_KEY_UIApplicationSceneManifest_Generation = YES;
				INFOPLIST_KEY_UIApplicationSupportsIndirectInputEvents = YES;
				INFOPLIST_KEY_UILaunchScreen_Generation = YES;
				INFOPLIST_KEY_UISupportedInterfaceOrientations_iPad = "UIInterfaceOrientationPortrait UIInterfaceOrientationPortraitUpsideDown UIInterfaceOrientationLandscapeLeft UIInterfaceOrientationLandscapeRight";
				INFOPLIST_KEY_UISupportedInterfaceOrientations_iPhone = "UIInterfaceOrientationPortrait UIInterfaceOrientationLandscapeLeft UIInterfaceOrientationLandscapeRight";
				LD_RUNPATH_SEARCH_PATHS = (
					"$(inherited)",
					"@executable_path/Frameworks",
				);
				MARKETING_VERSION = 1.0;
				PRODUCT_BUNDLE_IDENTIFIER = com.gangulwar.RollX;
				PRODUCT_NAME = "$(TARGET_NAME)";
				SWIFT_EMIT_LOC_STRINGS = YES;
				SWIFT_VERSION = 5.0;
				TARGETED_DEVICE_FAMILY = "1,2";
			};
			name = Release;
		};
		5AE7C7762D550DFC00B206BF /* Debug */ = {
			isa = XCBuildConfiguration;
			buildSettings = {
				BUNDLE_LOADER = "$(TEST_HOST)";
				CODE_SIGN_STYLE = Automatic;
				CURRENT_PROJECT_VERSION = 1;
				DEVELOPMENT_TEAM = Z4MD4VKX9C;
				GENERATE_INFOPLIST_FILE = YES;
				IPHONEOS_DEPLOYMENT_TARGET = 18.2;
				MARKETING_VERSION = 1.0;
				PRODUCT_BUNDLE_IDENTIFIER = com.gangulwar.RollXTests;
				PRODUCT_NAME = "$(TARGET_NAME)";
				SWIFT_EMIT_LOC_STRINGS = NO;
				SWIFT_VERSION = 5.0;
				TARGETED_DEVICE_FAMILY = "1,2";
				TEST_HOST = "$(BUILT_PRODUCTS_DIR)/RollX.app/$(BUNDLE_EXECUTABLE_FOLDER_PATH)/RollX";
			};
			name = Debug;
		};
		5AE7C7772D550DFC00B206BF /* Release */ = {
			isa = XCBuildConfiguration;
			buildSettings = {
				BUNDLE_LOADER = "$(TEST_HOST)";
				CODE_SIGN_STYLE = Automatic;
				CURRENT_PROJECT_VERSION = 1;
				DEVELOPMENT_TEAM = Z4MD4VKX9C;
				GENERATE_INFOPLIST_FILE = YES;
				IPHONEOS_DEPLOYMENT_TARGET = 18.2;
				MARKETING_VERSION = 1.0;
				PRODUCT_BUNDLE_IDENTIFIER = com.gangulwar.RollXTests;
				PRODUCT_NAME = "$(TARGET_NAME)";
				SWIFT_EMIT_LOC_STRINGS = NO;
				SWIFT_VERSION = 5.0;
				TARGETED_DEVICE_FAMILY = "1,2";
				TEST_HOST = "$(BUILT_PRODUCTS_DIR)/RollX.app/$(BUNDLE_EXECUTABLE_FOLDER_PATH)/RollX";
			};
			name = Release;
		};
		5AE7C7792D550DFC00B206BF /* Debug */ = {
			isa = XCBuildConfiguration;
			buildSettings = {
				CODE_SIGN_STYLE = Automatic;
				CURRENT_PROJECT_VERSION = 1;
				DEVELOPMENT_TEAM = Z4MD4VKX9C;
				GENERATE_INFOPLIST_FILE = YES;
				MARKETING_VERSION = 1.0;
				PRODUCT_BUNDLE_IDENTIFIER = com.gangulwar.RollXUITests;
				PRODUCT_NAME = "$(TARGET_NAME)";
				SWIFT_EMIT_LOC_STRINGS = NO;
				SWIFT_VERSION = 5.0;
				TARGETED_DEVICE_FAMILY = "1,2";
				TEST_TARGET_NAME = RollX;
			};
			name = Debug;
		};
		5AE7C77A2D550DFC00B206BF /* Release */ = {
			isa = XCBuildConfiguration;
			buildSettings = {
				CODE_SIGN_STYLE = Automatic;
				CURRENT_PROJECT_VERSION = 1;
				DEVELOPMENT_TEAM = Z4MD4VKX9C;
				GENERATE_INFOPLIST_FILE = YES;
				MARKETING_VERSION = 1.0;
				PRODUCT_BUNDLE_IDENTIFIER = com.gangulwar.RollXUITests;
				PRODUCT_NAME = "$(TARGET_NAME)";
				SWIFT_EMIT_LOC_STRINGS = NO;
				SWIFT_VERSION = 5.0;
				TARGETED_DEVICE_FAMILY = "1,2";
				TEST_TARGET_NAME = RollX;
			};
			name = Release;
		};
/* End XCBuildConfiguration section */

/* Begin XCConfigurationList section */
		5AE7C7492D550DFA00B206BF /* Build configuration list for PBXProject "RollX" */ = {
			isa = XCConfigurationList;
			buildConfigurations = (
				5AE7C7702D550DFC00B206BF /* Debug */,
				5AE7C7712D550DFC00B206BF /* Release */,
			);
			defaultConfigurationIsVisible = 0;
			defaultConfigurationName = Release;
		};
		5AE7C7722D550DFC00B206BF /* Build configuration list for PBXNativeTarget "RollX" */ = {
			isa = XCConfigurationList;
			buildConfigurations = (
				5AE7C7732D550DFC00B206BF /* Debug */,
				5AE7C7742D550DFC00B206BF /* Release */,
			);
			defaultConfigurationIsVisible = 0;
			defaultConfigurationName = Release;
		};
		5AE7C7752D550DFC00B206BF /* Build configuration list for PBXNativeTarget "RollXTests" */ = {
			isa = XCConfigurationList;
			buildConfigurations = (
				5AE7C7762D550DFC00B206BF /* Debug */,
				5AE7C7772D550DFC00B206BF /* Release */,
			);
			defaultConfigurationIsVisible = 0;
			defaultConfigurationName = Release;
		};
		5AE7C7782D550DFC00B206BF /* Build configuration list for PBXNativeTarget "RollXUITests" */ = {
			isa = XCConfigurationList;
			buildConfigurations = (
				5AE7C7792D550DFC00B206BF /* Debug */,
				5AE7C77A2D550DFC00B206BF /* Release */,
			);
			defaultConfigurationIsVisible = 0;
			defaultConfigurationName = Release;
		};
/* End XCConfigurationList section */
	};
	rootObject = 5AE7C7462D550DFA00B206BF /* Project object */;
}
